
Microsoft Visual Studio Solution File, Format Version 12.00
# Visual Studio Version 17
VisualStudioVersion = 17.0.31912.275
MinimumVisualStudioVersion = 10.0.40219.1
Project("{FAE04EC0-301F-11D3-BF4B-00C04F79EFBC}") = "task_16.1", "task_16.1.csproj", "{AD6339C8-B207-484B-AE2C-D0A2B563A2C5}"
EndProject
Project("{FAE04EC0-301F-11D3-BF4B-00C04F79EFBC}") = "lab_16", "..\lab_16\lab_16.csproj", "{05A182B6-BCB5-40A1-943F-3FCBE4FE3207}"
EndProject
Global
	GlobalSection(SolutionConfigurationPlatforms) = preSolution
		Debug|Any CPU = Debug|Any CPU
		Release|Any CPU = Release|Any CPU
	EndGlobalSection
	GlobalSection(ProjectConfigurationPlatforms) = postSolution
		{AD6339C8-B207-484B-AE2C-D0A2B563A2C5}.Debug|Any CPU.ActiveCfg = Debug|Any CPU
		{AD6339C8-B207-484B-AE2C-D0A2B563A2C5}.Debug|Any CPU.Build.0 = Debug|Any CPU
		{AD6339C8-B207-484B-AE2C-D0A2B563A2C5}.Release|Any CPU.ActiveCfg = Release|Any CPU
		{AD6339C8-B207-484B-AE2C-D0A2B563A2C5}.Release|Any CPU.Build.0 = Release|Any CPU
		{05A182B6-BCB5-40A1-943F-3FCBE4FE3207}.Debug|Any CPU.ActiveCfg = Debug|Any CPU
		{05A182B6-BCB5-40A1-943F-3FCBE4FE3207}.Debug|Any CPU.Build.0 = Debug|Any CPU
		{05A182B6-BCB5-40A1-943F-3FCBE4FE3207}.Release|Any CPU.ActiveCfg = Release|Any CPU
		{05A182B6-BCB5-40A1-943F-3FCBE4FE3207}.Release|Any CPU.Build.0 = Release|Any CPU
	EndGlobalSection
	GlobalSection(SolutionProperties) = preSolution
		HideSolutionNode = FALSE
	EndGlobalSection
	GlobalSection(ExtensibilityGlobals) = postSolution
		SolutionGuid = {E086C775-437E-45C2-B2CC-64E8FBED10B4}
	EndGlobalSection
EndGlobal
