
Microsoft Visual Studio Solution File, Format Version 12.00
# Visual Studio Version 17
VisualStudioVersion = 17.0.31912.275
MinimumVisualStudioVersion = 10.0.40219.1
Project("{FAE04EC0-301F-11D3-BF4B-00C04F79EFBC}") = "task-15.1", "task-15.1.csproj", "{A8E88EFC-DA83-4B17-BEF2-5058BF58D671}"
EndProject
Global
	GlobalSection(SolutionConfigurationPlatforms) = preSolution
		Debug|Any CPU = Debug|Any CPU
		Release|Any CPU = Release|Any CPU
	EndGlobalSection
	GlobalSection(ProjectConfigurationPlatforms) = postSolution
		{A8E88EFC-DA83-4B17-BEF2-5058BF58D671}.Debug|Any CPU.ActiveCfg = Debug|Any CPU
		{A8E88EFC-DA83-4B17-BEF2-5058BF58D671}.Debug|Any CPU.Build.0 = Debug|Any CPU
		{A8E88EFC-DA83-4B17-BEF2-5058BF58D671}.Release|Any CPU.ActiveCfg = Release|Any CPU
		{A8E88EFC-DA83-4B17-BEF2-5058BF58D671}.Release|Any CPU.Build.0 = Release|Any CPU
	EndGlobalSection
	GlobalSection(SolutionProperties) = preSolution
		HideSolutionNode = FALSE
	EndGlobalSection
	GlobalSection(ExtensibilityGlobals) = postSolution
		SolutionGuid = {E4C85661-3973-4F0B-95B2-130ED5BD6A26}
	EndGlobalSection
EndGlobal
