
Microsoft Visual Studio Solution File, Format Version 12.00
# Visual Studio Version 16
VisualStudioVersion = 16.0.32002.261
MinimumVisualStudioVersion = 10.0.40219.1
Project("{FAE04EC0-301F-11D3-BF4B-00C04F79EFBC}") = "task_15WpfApp", "task_15WpfApp.csproj", "{9FBFD52B-2ADA-40B7-B66C-413A1D7603B8}"
EndProject
Global
	GlobalSection(SolutionConfigurationPlatforms) = preSolution
		Debug|Any CPU = Debug|Any CPU
		Release|Any CPU = Release|Any CPU
	EndGlobalSection
	GlobalSection(ProjectConfigurationPlatforms) = postSolution
		{9FBFD52B-2ADA-40B7-B66C-413A1D7603B8}.Debug|Any CPU.ActiveCfg = Debug|Any CPU
		{9FBFD52B-2ADA-40B7-B66C-413A1D7603B8}.Debug|Any CPU.Build.0 = Debug|Any CPU
		{9FBFD52B-2ADA-40B7-B66C-413A1D7603B8}.Release|Any CPU.ActiveCfg = Release|Any CPU
		{9FBFD52B-2ADA-40B7-B66C-413A1D7603B8}.Release|Any CPU.Build.0 = Release|Any CPU
	EndGlobalSection
	GlobalSection(SolutionProperties) = preSolution
		HideSolutionNode = FALSE
	EndGlobalSection
	GlobalSection(ExtensibilityGlobals) = postSolution
		SolutionGuid = {82113CB2-89AC-4BFF-9D08-BC9AF2C86D29}
	EndGlobalSection
EndGlobal
