
Microsoft Visual Studio Solution File, Format Version 12.00
# Visual Studio Version 17
VisualStudioVersion = 17.0.32014.148
MinimumVisualStudioVersion = 10.0.40219.1
Project("{FAE04EC0-301F-11D3-BF4B-00C04F79EFBC}") = "task_10WpfApp", "task_10WpfApp.csproj", "{1304731A-64EA-4188-931C-29544BC9C53D}"
EndProject
Global
	GlobalSection(SolutionConfigurationPlatforms) = preSolution
		Debug|Any CPU = Debug|Any CPU
		Release|Any CPU = Release|Any CPU
	EndGlobalSection
	GlobalSection(ProjectConfigurationPlatforms) = postSolution
		{1304731A-64EA-4188-931C-29544BC9C53D}.Debug|Any CPU.ActiveCfg = Debug|Any CPU
		{1304731A-64EA-4188-931C-29544BC9C53D}.Debug|Any CPU.Build.0 = Debug|Any CPU
		{1304731A-64EA-4188-931C-29544BC9C53D}.Release|Any CPU.ActiveCfg = Release|Any CPU
		{1304731A-64EA-4188-931C-29544BC9C53D}.Release|Any CPU.Build.0 = Release|Any CPU
	EndGlobalSection
	GlobalSection(SolutionProperties) = preSolution
		HideSolutionNode = FALSE
	EndGlobalSection
	GlobalSection(ExtensibilityGlobals) = postSolution
		SolutionGuid = {2D4AF8A9-CE77-4AE5-9B5D-293AB76A7B0B}
	EndGlobalSection
EndGlobal
