
Microsoft Visual Studio Solution File, Format Version 12.00
# Visual Studio Version 17
VisualStudioVersion = 17.0.31919.166
MinimumVisualStudioVersion = 10.0.40219.1
Project("{FAE04EC0-301F-11D3-BF4B-00C04F79EFBC}") = "task_1_WpfApp", "task_1_WpfApp.csproj", "{6F916FFB-217C-4B63-9006-94F4DCA5C6E0}"
EndProject
Global
	GlobalSection(SolutionConfigurationPlatforms) = preSolution
		Debug|Any CPU = Debug|Any CPU
		Release|Any CPU = Release|Any CPU
	EndGlobalSection
	GlobalSection(ProjectConfigurationPlatforms) = postSolution
		{6F916FFB-217C-4B63-9006-94F4DCA5C6E0}.Debug|Any CPU.ActiveCfg = Debug|Any CPU
		{6F916FFB-217C-4B63-9006-94F4DCA5C6E0}.Debug|Any CPU.Build.0 = Debug|Any CPU
		{6F916FFB-217C-4B63-9006-94F4DCA5C6E0}.Release|Any CPU.ActiveCfg = Release|Any CPU
		{6F916FFB-217C-4B63-9006-94F4DCA5C6E0}.Release|Any CPU.Build.0 = Release|Any CPU
	EndGlobalSection
	GlobalSection(SolutionProperties) = preSolution
		HideSolutionNode = FALSE
	EndGlobalSection
	GlobalSection(ExtensibilityGlobals) = postSolution
		SolutionGuid = {48F8E797-2920-4344-8A73-8A019A5EBCF6}
	EndGlobalSection
EndGlobal
