
Microsoft Visual Studio Solution File, Format Version 12.00
# Visual Studio Version 17
VisualStudioVersion = 17.0.31919.166
MinimumVisualStudioVersion = 10.0.40219.1
Project("{FAE04EC0-301F-11D3-BF4B-00C04F79EFBC}") = "lab_1_WpfApp", "lab_1_WpfApp.csproj", "{DCEB37FB-C094-4729-94EE-E33F895B00A8}"
EndProject
Global
	GlobalSection(SolutionConfigurationPlatforms) = preSolution
		Debug|Any CPU = Debug|Any CPU
		Release|Any CPU = Release|Any CPU
	EndGlobalSection
	GlobalSection(ProjectConfigurationPlatforms) = postSolution
		{DCEB37FB-C094-4729-94EE-E33F895B00A8}.Debug|Any CPU.ActiveCfg = Debug|Any CPU
		{DCEB37FB-C094-4729-94EE-E33F895B00A8}.Debug|Any CPU.Build.0 = Debug|Any CPU
		{DCEB37FB-C094-4729-94EE-E33F895B00A8}.Release|Any CPU.ActiveCfg = Release|Any CPU
		{DCEB37FB-C094-4729-94EE-E33F895B00A8}.Release|Any CPU.Build.0 = Release|Any CPU
	EndGlobalSection
	GlobalSection(SolutionProperties) = preSolution
		HideSolutionNode = FALSE
	EndGlobalSection
	GlobalSection(ExtensibilityGlobals) = postSolution
		SolutionGuid = {E5D18F65-BF55-4F90-B8EB-343DC1CD0556}
	EndGlobalSection
EndGlobal
