
Microsoft Visual Studio Solution File, Format Version 12.00
# Visual Studio Version 17
VisualStudioVersion = 17.0.31912.275
MinimumVisualStudioVersion = 10.0.40219.1
Project("{FAE04EC0-301F-11D3-BF4B-00C04F79EFBC}") = "task_5.4", "task_5.4\task_5.4.csproj", "{2FFC39D0-52BF-4607-A0B1-7A5B4C66689A}"
EndProject
Global
	GlobalSection(SolutionConfigurationPlatforms) = preSolution
		Debug|Any CPU = Debug|Any CPU
		Release|Any CPU = Release|Any CPU
	EndGlobalSection
	GlobalSection(ProjectConfigurationPlatforms) = postSolution
		{2FFC39D0-52BF-4607-A0B1-7A5B4C66689A}.Debug|Any CPU.ActiveCfg = Debug|Any CPU
		{2FFC39D0-52BF-4607-A0B1-7A5B4C66689A}.Debug|Any CPU.Build.0 = Debug|Any CPU
		{2FFC39D0-52BF-4607-A0B1-7A5B4C66689A}.Release|Any CPU.ActiveCfg = Release|Any CPU
		{2FFC39D0-52BF-4607-A0B1-7A5B4C66689A}.Release|Any CPU.Build.0 = Release|Any CPU
	EndGlobalSection
	GlobalSection(SolutionProperties) = preSolution
		HideSolutionNode = FALSE
	EndGlobalSection
	GlobalSection(ExtensibilityGlobals) = postSolution
		SolutionGuid = {159A5302-A368-41FA-A04B-17CFD7AA6E5D}
	EndGlobalSection
EndGlobal
