
Microsoft Visual Studio Solution File, Format Version 12.00
# Visual Studio Version 16
VisualStudioVersion = 16.0.32002.261
MinimumVisualStudioVersion = 10.0.40219.1
Project("{FAE04EC0-301F-11D3-BF4B-00C04F79EFBC}") = "task_17_2WpfApp", "task_17_2WpfApp.csproj", "{BEC76168-BB25-46ED-ABE9-883284D0745D}"
EndProject
Global
	GlobalSection(SolutionConfigurationPlatforms) = preSolution
		Debug|Any CPU = Debug|Any CPU
		Release|Any CPU = Release|Any CPU
	EndGlobalSection
	GlobalSection(ProjectConfigurationPlatforms) = postSolution
		{BEC76168-BB25-46ED-ABE9-883284D0745D}.Debug|Any CPU.ActiveCfg = Debug|Any CPU
		{BEC76168-BB25-46ED-ABE9-883284D0745D}.Debug|Any CPU.Build.0 = Debug|Any CPU
		{BEC76168-BB25-46ED-ABE9-883284D0745D}.Release|Any CPU.ActiveCfg = Release|Any CPU
		{BEC76168-BB25-46ED-ABE9-883284D0745D}.Release|Any CPU.Build.0 = Release|Any CPU
	EndGlobalSection
	GlobalSection(SolutionProperties) = preSolution
		HideSolutionNode = FALSE
	EndGlobalSection
	GlobalSection(ExtensibilityGlobals) = postSolution
		SolutionGuid = {708D955B-7A2A-4AAD-81C0-31A5A42A4400}
	EndGlobalSection
EndGlobal
