
Microsoft Visual Studio Solution File, Format Version 12.00
# Visual Studio Version 16
VisualStudioVersion = 16.0.32002.261
MinimumVisualStudioVersion = 10.0.40219.1
Project("{FAE04EC0-301F-11D3-BF4B-00C04F79EFBC}") = "material_WpfApp", "material_WpfApp.csproj", "{B94259D4-106F-479F-8911-198C4210AE65}"
EndProject
Global
	GlobalSection(SolutionConfigurationPlatforms) = preSolution
		Debug|Any CPU = Debug|Any CPU
		Release|Any CPU = Release|Any CPU
	EndGlobalSection
	GlobalSection(ProjectConfigurationPlatforms) = postSolution
		{B94259D4-106F-479F-8911-198C4210AE65}.Debug|Any CPU.ActiveCfg = Debug|Any CPU
		{B94259D4-106F-479F-8911-198C4210AE65}.Debug|Any CPU.Build.0 = Debug|Any CPU
		{B94259D4-106F-479F-8911-198C4210AE65}.Release|Any CPU.ActiveCfg = Release|Any CPU
		{B94259D4-106F-479F-8911-198C4210AE65}.Release|Any CPU.Build.0 = Release|Any CPU
	EndGlobalSection
	GlobalSection(SolutionProperties) = preSolution
		HideSolutionNode = FALSE
	EndGlobalSection
	GlobalSection(ExtensibilityGlobals) = postSolution
		SolutionGuid = {AEDE2F42-9039-4ACD-817F-D1F9AC30D8B1}
	EndGlobalSection
EndGlobal
